// !$*UTF8*$!
{
	archiveVersion = 1;
	classes = {
	};
	objectVersion = 50;
	objects = {

/* Begin PBXBuildFile section */
		968A14FA20CE736100B50A28 /* main.cpp in Sources */ = {isa = PBXBuildFile; fileRef = 968A14F920CE736100B50A28 /* main.cpp */; };
		968D8CF620CE7CA100EF06CD /* data.cpp in Sources */ = {isa = PBXBuildFile; fileRef = 968D8CF520CE7CA100EF06CD /* data.cpp */; };
		9692720220CE76BF00E5F30B /* hello.cpp in Sources */ = {isa = PBXBuildFile; fileRef = 9692720120CE76BF00E5F30B /* hello.cpp */; };
/* End PBXBuildFile section */

/* Begin PBXCopyFilesBuildPhase section */
		968A14F420CE736100B50A28 /* CopyFiles */ = {
			isa = PBXCopyFilesBuildPhase;
			buildActionMask = 2147483647;
			dstPath = /usr/share/man/man1/;
			dstSubfolderSpec = 0;
			files = (
			);
			runOnlyForDeploymentPostprocessing = 1;
		};
/* End PBXCopyFilesBuildPhase section */

/* Begin PBXFileReference section */
		968A14F620CE736100B50A28 /* PrimerPlus6 */ = {isa = PBXFileReference; explicitFileType = "compiled.mach-o.executable"; includeInIndex = 0; path = PrimerPlus6; sourceTree = BUILT_PRODUCTS_DIR; };
		968A14F920CE736100B50A28 /* main.cpp */ = {isa = PBXFileReference; lastKnownFileType = sourcecode.cpp.cpp; name = main.cpp; path = "/Users/Work/Documents/Code/C++/PrimerPlus6/main.cpp"; sourceTree = "<absolute>"; };
		968D8CF520CE7CA100EF06CD /* data.cpp */ = {isa = PBXFileReference; lastKnownFileType = sourcecode.cpp.cpp; path = data.cpp; sourceTree = "<group>"; };
		968D8CF720CE7DAC00EF06CD /* main.h */ = {isa = PBXFileReference; lastKnownFileType = sourcecode.c.h; path = main.h; sourceTree = "<group>"; };
		968D8CF920CF6B9200EF06CD /* hello.h */ = {isa = PBXFileReference; lastKnownFileType = sourcecode.c.h; path = hello.h; sourceTree = "<group>"; };
		968D8CFB20CF6BC700EF06CD /* data.h */ = {isa = PBXFileReference; lastKnownFileType = sourcecode.c.h; path = data.h; sourceTree = "<group>"; };
		9692720120CE76BF00E5F30B /* hello.cpp */ = {isa = PBXFileReference; lastKnownFileType = sourcecode.cpp.cpp; path = hello.cpp; sourceTree = "<group>"; };
/* End PBXFileReference section */

/* Begin PBXFrameworksBuildPhase section */
		968A14F320CE736100B50A28 /* Frameworks */ = {
			isa = PBXFrameworksBuildPhase;
			buildActionMask = 2147483647;
			files = (
			);
			runOnlyForDeploymentPostprocessing = 0;
		};
/* End PBXFrameworksBuildPhase section */

/* Begin PBXGroup section */
		968A14ED20CE736100B50A28 = {
			isa = PBXGroup;
			children = (
				968A14F820CE736100B50A28 /* PrimerPlus6 */,
				968A14F720CE736100B50A28 /* Products */,
			);
			sourceTree = "<group>";
		};
		968A14F720CE736100B50A28 /* Products */ = {
			isa = PBXGroup;
			children = (
				968A14F620CE736100B50A28 /* PrimerPlus6 */,
			);
			name = Products;
			sourceTree = "<group>";
		};
		968A14F820CE736100B50A28 /* PrimerPlus6 */ = {
			isa = PBXGroup;
			children = (
				9692720020CE75D900E5F30B /* 0.Hello */,
				9692720620CE78C300E5F30B /* 1.Data */,
				968A14F920CE736100B50A28 /* main.cpp */,
				968D8CF720CE7DAC00EF06CD /* main.h */,
			);
			name = PrimerPlus6;
			path = "/Users/Work/Documents/Code/C++/PrimerPlus6";
			sourceTree = "<absolute>";
		};
		968D8CF220CE7C4900EF06CD /* src */ = {
			isa = PBXGroup;
			children = (
				968D8CF520CE7CA100EF06CD /* data.cpp */,
			);
			path = src;
			sourceTree = "<group>";
		};
		968D8CF820CF6B8100EF06CD /* inc */ = {
			isa = PBXGroup;
			children = (
				968D8CF920CF6B9200EF06CD /* hello.h */,
			);
			path = inc;
			sourceTree = "<group>";
		};
		968D8CFA20CF6BB300EF06CD /* inc */ = {
			isa = PBXGroup;
			children = (
				968D8CFB20CF6BC700EF06CD /* data.h */,
			);
			path = inc;
			sourceTree = "<group>";
		};
		9692720020CE75D900E5F30B /* 0.Hello */ = {
			isa = PBXGroup;
			children = (
				968D8CF820CF6B8100EF06CD /* inc */,
				9692720420CE76D600E5F30B /* src */,
			);
			path = 0.Hello;
			sourceTree = "<group>";
		};
		9692720420CE76D600E5F30B /* src */ = {
			isa = PBXGroup;
			children = (
				9692720120CE76BF00E5F30B /* hello.cpp */,
			);
			path = src;
			sourceTree = "<group>";
		};
		9692720620CE78C300E5F30B /* 1.Data */ = {
			isa = PBXGroup;
			children = (
				968D8CFA20CF6BB300EF06CD /* inc */,
				968D8CF220CE7C4900EF06CD /* src */,
			);
			path = 1.Data;
			sourceTree = "<group>";
		};
/* End PBXGroup section */

/* Begin PBXNativeTarget section */
		968A14F520CE736100B50A28 /* PrimerPlus6 */ = {
			isa = PBXNativeTarget;
			buildConfigurationList = 968A14FD20CE736100B50A28 /* Build configuration list for PBXNativeTarget "PrimerPlus6" */;
			buildPhases = (
				968A14F220CE736100B50A28 /* Sources */,
				968A14F320CE736100B50A28 /* Frameworks */,
				968A14F420CE736100B50A28 /* CopyFiles */,
			);
			buildRules = (
			);
			dependencies = (
			);
			name = PrimerPlus6;
			productName = PrimerPlus6;
			productReference = 968A14F620CE736100B50A28 /* PrimerPlus6 */;
			productType = "com.apple.product-type.tool";
		};
/* End PBXNativeTarget section */

/* Begin PBXProject section */
		968A14EE20CE736100B50A28 /* Project object */ = {
			isa = PBXProject;
			attributes = {
				LastUpgradeCheck = 0940;
				ORGANIZATIONNAME = Cheero;
				TargetAttributes = {
					968A14F520CE736100B50A28 = {
						CreatedOnToolsVersion = 9.4;
					};
				};
			};
			buildConfigurationList = 968A14F120CE736100B50A28 /* Build configuration list for PBXProject "PrimerPlus6" */;
			compatibilityVersion = "Xcode 9.3";
			developmentRegion = en;
			hasScannedForEncodings = 0;
			knownRegions = (
				en,
			);
			mainGroup = 968A14ED20CE736100B50A28;
			productRefGroup = 968A14F720CE736100B50A28 /* Products */;
			projectDirPath = "";
			projectRoot = "";
			targets = (
				968A14F520CE736100B50A28 /* PrimerPlus6 */,
			);
		};
/* End PBXProject section */

/* Begin PBXSourcesBuildPhase section */
		968A14F220CE736100B50A28 /* Sources */ = {
			isa = PBXSourcesBuildPhase;
			buildActionMask = 2147483647;
			files = (
				9692720220CE76BF00E5F30B /* hello.cpp in Sources */,
				968A14FA20CE736100B50A28 /* main.cpp in Sources */,
				968D8CF620CE7CA100EF06CD /* data.cpp in Sources */,
			);
			runOnlyForDeploymentPostprocessing = 0;
		};
/* End PBXSourcesBuildPhase section */

/* Begin XCBuildConfiguration section */
		968A14FB20CE736100B50A28 /* Debug */ = {
			isa = XCBuildConfiguration;
			buildSettings = {
				ALWAYS_SEARCH_USER_PATHS = NO;
				CLANG_ANALYZER_NONNULL = YES;
				CLANG_ANALYZER_NUMBER_OBJECT_CONVERSION = YES_AGGRESSIVE;
				CLANG_CXX_LANGUAGE_STANDARD = "gnu++14";
				CLANG_CXX_LIBRARY = "libc++";
				CLANG_ENABLE_MODULES = YES;
				CLANG_ENABLE_OBJC_ARC = YES;
				CLANG_ENABLE_OBJC_WEAK = YES;
				CLANG_WARN_BLOCK_CAPTURE_AUTORELEASING = YES;
				CLANG_WARN_BOOL_CONVERSION = YES;
				CLANG_WARN_COMMA = YES;
				CLANG_WARN_CONSTANT_CONVERSION = YES;
				CLANG_WARN_DEPRECATED_OBJC_IMPLEMENTATIONS = YES;
				CLANG_WARN_DIRECT_OBJC_ISA_USAGE = YES_ERROR;
				CLANG_WARN_DOCUMENTATION_COMMENTS = YES;
				CLANG_WARN_EMPTY_BODY = YES;
				CLANG_WARN_ENUM_CONVERSION = YES;
				CLANG_WARN_INFINITE_RECURSION = YES;
				CLANG_WARN_INT_CONVERSION = YES;
				CLANG_WARN_NON_LITERAL_NULL_CONVERSION = YES;
				CLANG_WARN_OBJC_IMPLICIT_RETAIN_SELF = YES;
				CLANG_WARN_OBJC_LITERAL_CONVERSION = YES;
				CLANG_WARN_OBJC_ROOT_CLASS = YES_ERROR;
				CLANG_WARN_RANGE_LOOP_ANALYSIS = YES;
				CLANG_WARN_STRICT_PROTOTYPES = YES;
				CLANG_WARN_SUSPICIOUS_MOVE = YES;
				CLANG_WARN_UNGUARDED_AVAILABILITY = YES_AGGRESSIVE;
				CLANG_WARN_UNREACHABLE_CODE = YES;
				CLANG_WARN__DUPLICATE_METHOD_MATCH = YES;
				CODE_SIGN_IDENTITY = "Mac Developer";
				COPY_PHASE_STRIP = NO;
				DEBUG_INFORMATION_FORMAT = dwarf;
				ENABLE_STRICT_OBJC_MSGSEND = YES;
				ENABLE_TESTABILITY = YES;
				GCC_C_LANGUAGE_STANDARD = gnu11;
				GCC_DYNAMIC_NO_PIC = NO;
				GCC_NO_COMMON_BLOCKS = YES;
				GCC_OPTIMIZATION_LEVEL = 0;
				GCC_PREPROCESSOR_DEFINITIONS = (
					"DEBUG=1",
					"$(inherited)",
				);
				GCC_WARN_64_TO_32_BIT_CONVERSION = YES;
				GCC_WARN_ABOUT_RETURN_TYPE = YES_ERROR;
				GCC_WARN_UNDECLARED_SELECTOR = YES;
				GCC_WARN_UNINITIALIZED_AUTOS = YES_AGGRESSIVE;
				GCC_WARN_UNUSED_FUNCTION = YES;
				GCC_WARN_UNUSED_VARIABLE = YES;
				MACOSX_DEPLOYMENT_TARGET = 10.13;
				MTL_ENABLE_DEBUG_INFO = YES;
				ONLY_ACTIVE_ARCH = YES;
				SDKROOT = macosx;
			};
			name = Debug;
		};
		968A14FC20CE736100B50A28 /* Release */ = {
			isa = XCBuildConfiguration;
			buildSettings = {
				ALWAYS_SEARCH_USER_PATHS = NO;
				CLANG_ANALYZER_NONNULL = YES;
				CLANG_ANALYZER_NUMBER_OBJECT_CONVERSION = YES_AGGRESSIVE;
				CLANG_CXX_LANGUAGE_STANDARD = "gnu++14";
				CLANG_CXX_LIBRARY = "libc++";
				CLANG_ENABLE_MODULES = YES;
				CLANG_ENABLE_OBJC_ARC = YES;
				CLANG_ENABLE_OBJC_WEAK = YES;
				CLANG_WARN_BLOCK_CAPTURE_AUTORELEASING = YES;
				CLANG_WARN_BOOL_CONVERSION = YES;
				CLANG_WARN_COMMA = YES;
				CLANG_WARN_CONSTANT_CONVERSION = YES;
				CLANG_WARN_DEPRECATED_OBJC_IMPLEMENTATIONS = YES;
				CLANG_WARN_DIRECT_OBJC_ISA_USAGE = YES_ERROR;
				CLANG_WARN_DOCUMENTATION_COMMENTS = YES;
				CLANG_WARN_EMPTY_BODY = YES;
				CLANG_WARN_ENUM_CONVERSION = YES;
				CLANG_WARN_INFINITE_RECURSION = YES;
				CLANG_WARN_INT_CONVERSION = YES;
				CLANG_WARN_NON_LITERAL_NULL_CONVERSION = YES;
				CLANG_WARN_OBJC_IMPLICIT_RETAIN_SELF = YES;
				CLANG_WARN_OBJC_LITERAL_CONVERSION = YES;
				CLANG_WARN_OBJC_ROOT_CLASS = YES_ERROR;
				CLANG_WARN_RANGE_LOOP_ANALYSIS = YES;
				CLANG_WARN_STRICT_PROTOTYPES = YES;
				CLANG_WARN_SUSPICIOUS_MOVE = YES;
				CLANG_WARN_UNGUARDED_AVAILABILITY = YES_AGGRESSIVE;
				CLANG_WARN_UNREACHABLE_CODE = YES;
				CLANG_WARN__DUPLICATE_METHOD_MATCH = YES;
				CODE_SIGN_IDENTITY = "Mac Developer";
				COPY_PHASE_STRIP = NO;
				DEBUG_INFORMATION_FORMAT = "dwarf-with-dsym";
				ENABLE_NS_ASSERTIONS = NO;
				ENABLE_STRICT_OBJC_MSGSEND = YES;
				GCC_C_LANGUAGE_STANDARD = gnu11;
				GCC_NO_COMMON_BLOCKS = YES;
				GCC_WARN_64_TO_32_BIT_CONVERSION = YES;
				GCC_WARN_ABOUT_RETURN_TYPE = YES_ERROR;
				GCC_WARN_UNDECLARED_SELECTOR = YES;
				GCC_WARN_UNINITIALIZED_AUTOS = YES_AGGRESSIVE;
				GCC_WARN_UNUSED_FUNCTION = YES;
				GCC_WARN_UNUSED_VARIABLE = YES;
				MACOSX_DEPLOYMENT_TARGET = 10.13;
				MTL_ENABLE_DEBUG_INFO = NO;
				SDKROOT = macosx;
			};
			name = Release;
		};
		968A14FE20CE736100B50A28 /* Debug */ = {
			isa = XCBuildConfiguration;
			buildSettings = {
				CODE_SIGN_STYLE = Automatic;
				DEVELOPMENT_TEAM = JAJU8VJ4V8;
				PRODUCT_NAME = "$(TARGET_NAME)";
			};
			name = Debug;
		};
		968A14FF20CE736100B50A28 /* Release */ = {
			isa = XCBuildConfiguration;
			buildSettings = {
				CODE_SIGN_STYLE = Automatic;
				DEVELOPMENT_TEAM = JAJU8VJ4V8;
				PRODUCT_NAME = "$(TARGET_NAME)";
			};
			name = Release;
		};
/* End XCBuildConfiguration section */

/* Begin XCConfigurationList section */
		968A14F120CE736100B50A28 /* Build configuration list for PBXProject "PrimerPlus6" */ = {
			isa = XCConfigurationList;
			buildConfigurations = (
				968A14FB20CE736100B50A28 /* Debug */,
				968A14FC20CE736100B50A28 /* Release */,
			);
			defaultConfigurationIsVisible = 0;
			defaultConfigurationName = Release;
		};
		968A14FD20CE736100B50A28 /* Build configuration list for PBXNativeTarget "PrimerPlus6" */ = {
			isa = XCConfigurationList;
			buildConfigurations = (
				968A14FE20CE736100B50A28 /* Debug */,
				968A14FF20CE736100B50A28 /* Release */,
			);
			defaultConfigurationIsVisible = 0;
			defaultConfigurationName = Release;
		};
/* End XCConfigurationList section */
	};
	rootObject = 968A14EE20CE736100B50A28 /* Project object */;
}
